
Microsoft Visual Studio Solution File, Format Version 12.00
# Visual Studio Version 17
VisualStudioVersion = 17.11.35222.181
MinimumVisualStudioVersion = 10.0.40219.1
Project("{9A19103F-16F7-4668-BE54-9A1E7A4F7556}") = "ShoppingMasterApp.Domain", "ShoppingMasterApp.Domain\ShoppingMasterApp.Domain.csproj", "{F6BAB625-06E9-49EC-8D44-28E6F69F4DAD}"
EndProject
Project("{9A19103F-16F7-4668-BE54-9A1E7A4F7556}") = "ShoppingMasterApp.Application", "ShoppingMasterApp.Application\ShoppingMasterApp.Application.csproj", "{D894673F-85B9-4B3A-BA65-6D278C5A95DF}"
EndProject
Project("{9A19103F-16F7-4668-BE54-9A1E7A4F7556}") = "ShoppingMasterApp.Infrastructure", "ShoppingMasterApp.Infrastructure\ShoppingMasterApp.Infrastructure.csproj", "{C3D6E88C-D898-4103-8B31-CE4DE746C1B2}"
EndProject
Project("{9A19103F-16F7-4668-BE54-9A1E7A4F7556}") = "ShoppingMasterApp.API", "ShoppingMasterApp.API\ShoppingMasterApp.API.csproj", "{DA523161-A75A-4B05-A70E-D1248B1A5C9D}"
EndProject
Global
	GlobalSection(SolutionConfigurationPlatforms) = preSolution
		Debug|Any CPU = Debug|Any CPU
		Release|Any CPU = Release|Any CPU
	EndGlobalSection
	GlobalSection(ProjectConfigurationPlatforms) = postSolution
		{F6BAB625-06E9-49EC-8D44-28E6F69F4DAD}.Debug|Any CPU.ActiveCfg = Debug|Any CPU
		{F6BAB625-06E9-49EC-8D44-28E6F69F4DAD}.Debug|Any CPU.Build.0 = Debug|Any CPU
		{F6BAB625-06E9-49EC-8D44-28E6F69F4DAD}.Release|Any CPU.ActiveCfg = Release|Any CPU
		{F6BAB625-06E9-49EC-8D44-28E6F69F4DAD}.Release|Any CPU.Build.0 = Release|Any CPU
		{D894673F-85B9-4B3A-BA65-6D278C5A95DF}.Debug|Any CPU.ActiveCfg = Debug|Any CPU
		{D894673F-85B9-4B3A-BA65-6D278C5A95DF}.Debug|Any CPU.Build.0 = Debug|Any CPU
		{D894673F-85B9-4B3A-BA65-6D278C5A95DF}.Release|Any CPU.ActiveCfg = Release|Any CPU
		{D894673F-85B9-4B3A-BA65-6D278C5A95DF}.Release|Any CPU.Build.0 = Release|Any CPU
		{C3D6E88C-D898-4103-8B31-CE4DE746C1B2}.Debug|Any CPU.ActiveCfg = Debug|Any CPU
		{C3D6E88C-D898-4103-8B31-CE4DE746C1B2}.Debug|Any CPU.Build.0 = Debug|Any CPU
		{C3D6E88C-D898-4103-8B31-CE4DE746C1B2}.Release|Any CPU.ActiveCfg = Release|Any CPU
		{C3D6E88C-D898-4103-8B31-CE4DE746C1B2}.Release|Any CPU.Build.0 = Release|Any CPU
		{DA523161-A75A-4B05-A70E-D1248B1A5C9D}.Debug|Any CPU.ActiveCfg = Debug|Any CPU
		{DA523161-A75A-4B05-A70E-D1248B1A5C9D}.Debug|Any CPU.Build.0 = Debug|Any CPU
		{DA523161-A75A-4B05-A70E-D1248B1A5C9D}.Release|Any CPU.ActiveCfg = Release|Any CPU
		{DA523161-A75A-4B05-A70E-D1248B1A5C9D}.Release|Any CPU.Build.0 = Release|Any CPU
	EndGlobalSection
	GlobalSection(SolutionProperties) = preSolution
		HideSolutionNode = FALSE
	EndGlobalSection
	GlobalSection(ExtensibilityGlobals) = postSolution
		SolutionGuid = {54F6BF43-9AAD-4570-BB92-0DBBFD0BE734}
	EndGlobalSection
EndGlobal
